
Microsoft Visual Studio Solution File, Format Version 12.00
# Visual Studio 15
Project("{FAE04EC0-301F-11D3-BF4B-00C04F79EFBC}") = "Assembly-CSharp", "Assembly-CSharp.csproj", "{95F54AE2-7EBB-EBC6-727D-7A2DDCD19DAF}"
EndProject
Global
	GlobalSection(SolutionConfigurationPlatforms) = preSolution
		Debug|Any CPU = Debug|Any CPU
		Release|Any CPU = Release|Any CPU
	EndGlobalSection
	GlobalSection(ProjectConfigurationPlatforms) = postSolution
		{95F54AE2-7EBB-EBC6-727D-7A2DDCD19DAF}.Debug|Any CPU.ActiveCfg = Debug|Any CPU
		{95F54AE2-7EBB-EBC6-727D-7A2DDCD19DAF}.Debug|Any CPU.Build.0 = Debug|Any CPU
		{95F54AE2-7EBB-EBC6-727D-7A2DDCD19DAF}.Release|Any CPU.ActiveCfg = Release|Any CPU
		{95F54AE2-7EBB-EBC6-727D-7A2DDCD19DAF}.Release|Any CPU.Build.0 = Release|Any CPU
	EndGlobalSection
	GlobalSection(SolutionProperties) = preSolution
		HideSolutionNode = FALSE
	EndGlobalSection
EndGlobal
